
Microsoft Visual Studio Solution File, Format Version 12.00
# Visual Studio Version 17
VisualStudioVersion = 17.6.33712.159
MinimumVisualStudioVersion = 10.0.40219.1
Project("{FAE04EC0-301F-11D3-BF4B-00C04F79EFBC}") = "RoskosmosHelper", "RoskosmosHelper\RoskosmosHelper.csproj", "{560CA031-A7AB-4DA8-B8D1-42F9F37713EF}"
EndProject
Global
	GlobalSection(SolutionConfigurationPlatforms) = preSolution
		Debug|Any CPU = Debug|Any CPU
		Release|Any CPU = Release|Any CPU
	EndGlobalSection
	GlobalSection(ProjectConfigurationPlatforms) = postSolution
		{560CA031-A7AB-4DA8-B8D1-42F9F37713EF}.Debug|Any CPU.ActiveCfg = Debug|Any CPU
		{560CA031-A7AB-4DA8-B8D1-42F9F37713EF}.Debug|Any CPU.Build.0 = Debug|Any CPU
		{560CA031-A7AB-4DA8-B8D1-42F9F37713EF}.Release|Any CPU.ActiveCfg = Release|Any CPU
		{560CA031-A7AB-4DA8-B8D1-42F9F37713EF}.Release|Any CPU.Build.0 = Release|Any CPU
	EndGlobalSection
	GlobalSection(SolutionProperties) = preSolution
		HideSolutionNode = FALSE
	EndGlobalSection
	GlobalSection(ExtensibilityGlobals) = postSolution
		SolutionGuid = {C39B52F9-F15C-499A-A046-F3796F345F40}
	EndGlobalSection
EndGlobal
